// !$*UTF8*$!
{
	archiveVersion = 1;
	classes = {
	};
	objectVersion = 51;
	objects = {

/* Begin PBXBuildFile section */
		58A7B0E012AEB96E435E12FC /* Pods_Health_Assistant.framework in Frameworks */ = {isa = PBXBuildFile; fileRef = 01D3E48ECE5D6E7D63C343EE /* Pods_Health_Assistant.framework */; };
		F5021CC824648E6900E5DD08 /* DoctorsPresenter.swift in Sources */ = {isa = PBXBuildFile; fileRef = F5021CC724648E6900E5DD08 /* DoctorsPresenter.swift */; };
		F5046449249E29E70067F8D9 /* AddEventPresenter.swift in Sources */ = {isa = PBXBuildFile; fileRef = F5046448249E29E70067F8D9 /* AddEventPresenter.swift */; };
		F5093444246C977600E33163 /* BaseEventViewController.swift in Sources */ = {isa = PBXBuildFile; fileRef = F5093443246C977600E33163 /* BaseEventViewController.swift */; };
		F5261FDA24A2BBAE00A85F49 /* EventDetailsViewInput.swift in Sources */ = {isa = PBXBuildFile; fileRef = F5261FD924A2BBAE00A85F49 /* EventDetailsViewInput.swift */; };
		F52A647324B4F4BB0047D028 /* EventDataTransferObject.swift in Sources */ = {isa = PBXBuildFile; fileRef = F52A647224B4F4BB0047D028 /* EventDataTransferObject.swift */; };
		F532764024BEF4A1005E330F /* CalendarViewController.swift in Sources */ = {isa = PBXBuildFile; fileRef = F532763F24BEF4A1005E330F /* CalendarViewController.swift */; };
		F54437A92498151B00FB354E /* EditEventPresenter.swift in Sources */ = {isa = PBXBuildFile; fileRef = F54437A82498151B00FB354E /* EditEventPresenter.swift */; };
		F54F494024B8D86F009FC68C /* AddEventDelegate.swift in Sources */ = {isa = PBXBuildFile; fileRef = F54F493F24B8D86F009FC68C /* AddEventDelegate.swift */; };
		F55DEF8B24705382003052C0 /* BaseEventDelegate.swift in Sources */ = {isa = PBXBuildFile; fileRef = F55DEF8A24705382003052C0 /* BaseEventDelegate.swift */; };
		F55DEF8E2470565F003052C0 /* TextViewCell.swift in Sources */ = {isa = PBXBuildFile; fileRef = F55DEF8C2470565F003052C0 /* TextViewCell.swift */; };
		F55DEF8F2470565F003052C0 /* TextViewCell.xib in Resources */ = {isa = PBXBuildFile; fileRef = F55DEF8D2470565F003052C0 /* TextViewCell.xib */; };
		F56334972465F1C900D7C68A /* EventStatus.swift in Sources */ = {isa = PBXBuildFile; fileRef = F56334962465F1C900D7C68A /* EventStatus.swift */; };
		F56334992465F2B100D7C68A /* LocationExtension.swift in Sources */ = {isa = PBXBuildFile; fileRef = F56334982465F2B100D7C68A /* LocationExtension.swift */; };
		F563349D2465FD3900D7C68A /* DoctorsViewControllerOutput.swift in Sources */ = {isa = PBXBuildFile; fileRef = F563349C2465FD3900D7C68A /* DoctorsViewControllerOutput.swift */; };
		F563349F2465FD6700D7C68A /* DoctorViewControllerInput.swift in Sources */ = {isa = PBXBuildFile; fileRef = F563349E2465FD6700D7C68A /* DoctorViewControllerInput.swift */; };
		F56334A12465FDF700D7C68A /* EventPresenter.swift in Sources */ = {isa = PBXBuildFile; fileRef = F56334A02465FDF700D7C68A /* EventPresenter.swift */; };
		F57A000C24AB582600AE227A /* ListTableViewControllerElement.swift in Sources */ = {isa = PBXBuildFile; fileRef = F57A000B24AB582600AE227A /* ListTableViewControllerElement.swift */; };
		F57A000E24AB588800AE227A /* ListTableInput.swift in Sources */ = {isa = PBXBuildFile; fileRef = F57A000D24AB588800AE227A /* ListTableInput.swift */; };
		F57A001024ABE81400AE227A /* EventTableInput.swift in Sources */ = {isa = PBXBuildFile; fileRef = F57A000F24ABE81400AE227A /* EventTableInput.swift */; };
		F58DE61524B62B960082F901 /* EventDetailsViewDelegate.swift in Sources */ = {isa = PBXBuildFile; fileRef = F58DE61424B62B960082F901 /* EventDetailsViewDelegate.swift */; };
		F58DE61724B7B80C0082F901 /* DateExtension.swift in Sources */ = {isa = PBXBuildFile; fileRef = F58DE61624B7B80C0082F901 /* DateExtension.swift */; };
		F58DE61924B7B8200082F901 /* NSObjectExtension.swift in Sources */ = {isa = PBXBuildFile; fileRef = F58DE61824B7B8200082F901 /* NSObjectExtension.swift */; };
		F58DF6B524C8A3F800802636 /* ClinicData.swift in Sources */ = {isa = PBXBuildFile; fileRef = F58DF6B424C8A3F800802636 /* ClinicData.swift */; };
		F5A653FC249531DD00E65F2E /* EventDetailsViewController.swift in Sources */ = {isa = PBXBuildFile; fileRef = F5A653FB249531DD00E65F2E /* EventDetailsViewController.swift */; };
		F5BBCFB224C886BC00FFE949 /* NetworkService.swift in Sources */ = {isa = PBXBuildFile; fileRef = F5BBCFB124C886BC00FFE949 /* NetworkService.swift */; };
		F5BBCFB424C8877000FFE949 /* Clinic.swift in Sources */ = {isa = PBXBuildFile; fileRef = F5BBCFB324C8877000FFE949 /* Clinic.swift */; };
		F5BBCFB624C88A1B00FFE949 /* StringExtension.swift in Sources */ = {isa = PBXBuildFile; fileRef = F5BBCFB524C88A1B00FFE949 /* StringExtension.swift */; };
		F5BBCFB824C88A8D00FFE949 /* MapDelegate.swift in Sources */ = {isa = PBXBuildFile; fileRef = F5BBCFB724C88A8D00FFE949 /* MapDelegate.swift */; };
		F5C1D6F924AE2D0B00C32614 /* DataModel.xcdatamodeld in Sources */ = {isa = PBXBuildFile; fileRef = F5C1D6F724AE2D0B00C32614 /* DataModel.xcdatamodeld */; };
		F5C1D6FB24AE77F800C32614 /* StorageService.swift in Sources */ = {isa = PBXBuildFile; fileRef = F5C1D6FA24AE77F800C32614 /* StorageService.swift */; };
		F5C1D6FF24AE7B4500C32614 /* BaseEventInput.swift in Sources */ = {isa = PBXBuildFile; fileRef = F5C1D6FE24AE7B4500C32614 /* BaseEventInput.swift */; };
		F5C706B624A2B03C00735597 /* EventDetailsPresenter.swift in Sources */ = {isa = PBXBuildFile; fileRef = F5C706B524A2B03C00735597 /* EventDetailsPresenter.swift */; };
		F5C99E7C246354D900191585 /* EventTableViewCell.swift in Sources */ = {isa = PBXBuildFile; fileRef = F5C99E7B246354D900191585 /* EventTableViewCell.swift */; };
		F5CECDCE24BF941600DEF3A5 /* CalendarEventTableViewCell.swift in Sources */ = {isa = PBXBuildFile; fileRef = F5CECDCD24BF941600DEF3A5 /* CalendarEventTableViewCell.swift */; };
		F5CECDD124C079C100DEF3A5 /* CalendarPresenter.swift in Sources */ = {isa = PBXBuildFile; fileRef = F5CECDD024C079C100DEF3A5 /* CalendarPresenter.swift */; };
		F5CECDD424C079F300DEF3A5 /* CalendarInput.swift in Sources */ = {isa = PBXBuildFile; fileRef = F5CECDD324C079F300DEF3A5 /* CalendarInput.swift */; };
		F5E914182471BCF8007CF322 /* BaseEventPresenter.swift in Sources */ = {isa = PBXBuildFile; fileRef = F5E914172471BCF8007CF322 /* BaseEventPresenter.swift */; };
		F5E9141B2471BE69007CF322 /* SectionType.swift in Sources */ = {isa = PBXBuildFile; fileRef = F5E9141A2471BE69007CF322 /* SectionType.swift */; };
		F5E9141D2471BE77007CF322 /* CellType.swift in Sources */ = {isa = PBXBuildFile; fileRef = F5E9141C2471BE77007CF322 /* CellType.swift */; };
		F5ECF7BB244B301E009A55ED /* AppDelegate.swift in Sources */ = {isa = PBXBuildFile; fileRef = F5ECF7BA244B301E009A55ED /* AppDelegate.swift */; };
		F5ECF7BD244B301E009A55ED /* SceneDelegate.swift in Sources */ = {isa = PBXBuildFile; fileRef = F5ECF7BC244B301E009A55ED /* SceneDelegate.swift */; };
		F5ECF7C4244B301E009A55ED /* Main.storyboard in Resources */ = {isa = PBXBuildFile; fileRef = F5ECF7C2244B301E009A55ED /* Main.storyboard */; };
		F5ECF7C6244B3021009A55ED /* Assets.xcassets in Resources */ = {isa = PBXBuildFile; fileRef = F5ECF7C5244B3021009A55ED /* Assets.xcassets */; };
		F5ECF7C9244B3021009A55ED /* LaunchScreen.storyboard in Resources */ = {isa = PBXBuildFile; fileRef = F5ECF7C7244B3021009A55ED /* LaunchScreen.storyboard */; };
		F5ECF7D1244B32CB009A55ED /* DoctorsTableViewController.swift in Sources */ = {isa = PBXBuildFile; fileRef = F5ECF7D0244B32CB009A55ED /* DoctorsTableViewController.swift */; };
		F5ECF7D3244B3FAB009A55ED /* EventTableViewController.swift in Sources */ = {isa = PBXBuildFile; fileRef = F5ECF7D2244B3FAB009A55ED /* EventTableViewController.swift */; };
		F5EDDB32247338950085B352 /* ListPresenter.swift in Sources */ = {isa = PBXBuildFile; fileRef = F5EDDB31247338950085B352 /* ListPresenter.swift */; };
		F5F8168C24C4DBFE008D3093 /* MapViewController.swift in Sources */ = {isa = PBXBuildFile; fileRef = F5F8168B24C4DBFE008D3093 /* MapViewController.swift */; };
		F5FDC099246DC316006484D4 /* TextFieldTableViewCell.swift in Sources */ = {isa = PBXBuildFile; fileRef = F5FDC097246DC316006484D4 /* TextFieldTableViewCell.swift */; };
		F5FDC09A246DC316006484D4 /* TextFieldTableViewCell.xib in Resources */ = {isa = PBXBuildFile; fileRef = F5FDC098246DC316006484D4 /* TextFieldTableViewCell.xib */; };
		F5FDC09D246DC32D006484D4 /* DateTableViewCell.swift in Sources */ = {isa = PBXBuildFile; fileRef = F5FDC09B246DC32D006484D4 /* DateTableViewCell.swift */; };
		F5FDC09E246DC32D006484D4 /* DateTableViewCell.xib in Resources */ = {isa = PBXBuildFile; fileRef = F5FDC09C246DC32D006484D4 /* DateTableViewCell.xib */; };
		F5FDC0A1246DC34B006484D4 /* ListTableViewCell.swift in Sources */ = {isa = PBXBuildFile; fileRef = F5FDC09F246DC34B006484D4 /* ListTableViewCell.swift */; };
		F5FDC0A2246DC34B006484D4 /* ListTableViewCell.xib in Resources */ = {isa = PBXBuildFile; fileRef = F5FDC0A0246DC34B006484D4 /* ListTableViewCell.xib */; };
		F5FDC0A7246DE201006484D4 /* ListTableViewController.swift in Sources */ = {isa = PBXBuildFile; fileRef = F5FDC0A5246DE201006484D4 /* ListTableViewController.swift */; };
/* End PBXBuildFile section */

/* Begin PBXFileReference section */
		01D3E48ECE5D6E7D63C343EE /* Pods_Health_Assistant.framework */ = {isa = PBXFileReference; explicitFileType = wrapper.framework; includeInIndex = 0; path = Pods_Health_Assistant.framework; sourceTree = BUILT_PRODUCTS_DIR; };
		BB399A6F58EC3715282AB0E5 /* Pods-Health Assistant.debug.xcconfig */ = {isa = PBXFileReference; includeInIndex = 1; lastKnownFileType = text.xcconfig; name = "Pods-Health Assistant.debug.xcconfig"; path = "Target Support Files/Pods-Health Assistant/Pods-Health Assistant.debug.xcconfig"; sourceTree = "<group>"; };
		CEBE82928C4FF73987C4101E /* Pods-Health Assistant.release.xcconfig */ = {isa = PBXFileReference; includeInIndex = 1; lastKnownFileType = text.xcconfig; name = "Pods-Health Assistant.release.xcconfig"; path = "Target Support Files/Pods-Health Assistant/Pods-Health Assistant.release.xcconfig"; sourceTree = "<group>"; };
		F5021CC724648E6900E5DD08 /* DoctorsPresenter.swift */ = {isa = PBXFileReference; lastKnownFileType = sourcecode.swift; path = DoctorsPresenter.swift; sourceTree = "<group>"; };
		F5046448249E29E70067F8D9 /* AddEventPresenter.swift */ = {isa = PBXFileReference; lastKnownFileType = sourcecode.swift; path = AddEventPresenter.swift; sourceTree = "<group>"; };
		F5093443246C977600E33163 /* BaseEventViewController.swift */ = {isa = PBXFileReference; lastKnownFileType = sourcecode.swift; path = BaseEventViewController.swift; sourceTree = "<group>"; };
		F5261FD924A2BBAE00A85F49 /* EventDetailsViewInput.swift */ = {isa = PBXFileReference; lastKnownFileType = sourcecode.swift; path = EventDetailsViewInput.swift; sourceTree = "<group>"; };
		F52A647224B4F4BB0047D028 /* EventDataTransferObject.swift */ = {isa = PBXFileReference; lastKnownFileType = sourcecode.swift; path = EventDataTransferObject.swift; sourceTree = "<group>"; };
		F532763F24BEF4A1005E330F /* CalendarViewController.swift */ = {isa = PBXFileReference; lastKnownFileType = sourcecode.swift; path = CalendarViewController.swift; sourceTree = "<group>"; };
		F54437A82498151B00FB354E /* EditEventPresenter.swift */ = {isa = PBXFileReference; lastKnownFileType = sourcecode.swift; path = EditEventPresenter.swift; sourceTree = "<group>"; };
		F54F493F24B8D86F009FC68C /* AddEventDelegate.swift */ = {isa = PBXFileReference; lastKnownFileType = sourcecode.swift; path = AddEventDelegate.swift; sourceTree = "<group>"; };
		F55DEF8A24705382003052C0 /* BaseEventDelegate.swift */ = {isa = PBXFileReference; lastKnownFileType = sourcecode.swift; path = BaseEventDelegate.swift; sourceTree = "<group>"; };
		F55DEF8C2470565F003052C0 /* TextViewCell.swift */ = {isa = PBXFileReference; lastKnownFileType = sourcecode.swift; path = TextViewCell.swift; sourceTree = "<group>"; };
		F55DEF8D2470565F003052C0 /* TextViewCell.xib */ = {isa = PBXFileReference; lastKnownFileType = file.xib; path = TextViewCell.xib; sourceTree = "<group>"; };
		F56334962465F1C900D7C68A /* EventStatus.swift */ = {isa = PBXFileReference; lastKnownFileType = sourcecode.swift; path = EventStatus.swift; sourceTree = "<group>"; };
		F56334982465F2B100D7C68A /* LocationExtension.swift */ = {isa = PBXFileReference; lastKnownFileType = sourcecode.swift; path = LocationExtension.swift; sourceTree = "<group>"; };
		F563349C2465FD3900D7C68A /* DoctorsViewControllerOutput.swift */ = {isa = PBXFileReference; lastKnownFileType = sourcecode.swift; path = DoctorsViewControllerOutput.swift; sourceTree = "<group>"; };
		F563349E2465FD6700D7C68A /* DoctorViewControllerInput.swift */ = {isa = PBXFileReference; lastKnownFileType = sourcecode.swift; path = DoctorViewControllerInput.swift; sourceTree = "<group>"; };
		F56334A02465FDF700D7C68A /* EventPresenter.swift */ = {isa = PBXFileReference; lastKnownFileType = sourcecode.swift; path = EventPresenter.swift; sourceTree = "<group>"; };
		F57A000B24AB582600AE227A /* ListTableViewControllerElement.swift */ = {isa = PBXFileReference; lastKnownFileType = sourcecode.swift; path = ListTableViewControllerElement.swift; sourceTree = "<group>"; };
		F57A000D24AB588800AE227A /* ListTableInput.swift */ = {isa = PBXFileReference; lastKnownFileType = sourcecode.swift; path = ListTableInput.swift; sourceTree = "<group>"; };
		F57A000F24ABE81400AE227A /* EventTableInput.swift */ = {isa = PBXFileReference; lastKnownFileType = sourcecode.swift; path = EventTableInput.swift; sourceTree = "<group>"; };
		F58DE61424B62B960082F901 /* EventDetailsViewDelegate.swift */ = {isa = PBXFileReference; fileEncoding = 4; lastKnownFileType = sourcecode.swift; path = EventDetailsViewDelegate.swift; sourceTree = "<group>"; };
		F58DE61624B7B80C0082F901 /* DateExtension.swift */ = {isa = PBXFileReference; lastKnownFileType = sourcecode.swift; path = DateExtension.swift; sourceTree = "<group>"; };
		F58DE61824B7B8200082F901 /* NSObjectExtension.swift */ = {isa = PBXFileReference; lastKnownFileType = sourcecode.swift; path = NSObjectExtension.swift; sourceTree = "<group>"; };
		F58DF6B424C8A3F800802636 /* ClinicData.swift */ = {isa = PBXFileReference; lastKnownFileType = sourcecode.swift; path = ClinicData.swift; sourceTree = "<group>"; };
		F5A653FB249531DD00E65F2E /* EventDetailsViewController.swift */ = {isa = PBXFileReference; lastKnownFileType = sourcecode.swift; path = EventDetailsViewController.swift; sourceTree = "<group>"; };
		F5BBCFB124C886BC00FFE949 /* NetworkService.swift */ = {isa = PBXFileReference; lastKnownFileType = sourcecode.swift; path = NetworkService.swift; sourceTree = "<group>"; };
		F5BBCFB324C8877000FFE949 /* Clinic.swift */ = {isa = PBXFileReference; lastKnownFileType = sourcecode.swift; path = Clinic.swift; sourceTree = "<group>"; };
		F5BBCFB524C88A1B00FFE949 /* StringExtension.swift */ = {isa = PBXFileReference; lastKnownFileType = sourcecode.swift; path = StringExtension.swift; sourceTree = "<group>"; };
		F5BBCFB724C88A8D00FFE949 /* MapDelegate.swift */ = {isa = PBXFileReference; lastKnownFileType = sourcecode.swift; path = MapDelegate.swift; sourceTree = "<group>"; };
		F5C1D6F824AE2D0B00C32614 /* DataModel.xcdatamodel */ = {isa = PBXFileReference; lastKnownFileType = wrapper.xcdatamodel; path = DataModel.xcdatamodel; sourceTree = "<group>"; };
		F5C1D6FA24AE77F800C32614 /* StorageService.swift */ = {isa = PBXFileReference; lastKnownFileType = sourcecode.swift; path = StorageService.swift; sourceTree = "<group>"; };
		F5C1D6FE24AE7B4500C32614 /* BaseEventInput.swift */ = {isa = PBXFileReference; lastKnownFileType = sourcecode.swift; path = BaseEventInput.swift; sourceTree = "<group>"; };
		F5C706B524A2B03C00735597 /* EventDetailsPresenter.swift */ = {isa = PBXFileReference; lastKnownFileType = sourcecode.swift; path = EventDetailsPresenter.swift; sourceTree = "<group>"; };
		F5C99E7B246354D900191585 /* EventTableViewCell.swift */ = {isa = PBXFileReference; lastKnownFileType = sourcecode.swift; path = EventTableViewCell.swift; sourceTree = "<group>"; };
		F5CECDCD24BF941600DEF3A5 /* CalendarEventTableViewCell.swift */ = {isa = PBXFileReference; lastKnownFileType = sourcecode.swift; path = CalendarEventTableViewCell.swift; sourceTree = "<group>"; };
		F5CECDD024C079C100DEF3A5 /* CalendarPresenter.swift */ = {isa = PBXFileReference; lastKnownFileType = sourcecode.swift; path = CalendarPresenter.swift; sourceTree = "<group>"; };
		F5CECDD324C079F300DEF3A5 /* CalendarInput.swift */ = {isa = PBXFileReference; lastKnownFileType = sourcecode.swift; path = CalendarInput.swift; sourceTree = "<group>"; };
		F5E914172471BCF8007CF322 /* BaseEventPresenter.swift */ = {isa = PBXFileReference; lastKnownFileType = sourcecode.swift; path = BaseEventPresenter.swift; sourceTree = "<group>"; };
		F5E9141A2471BE69007CF322 /* SectionType.swift */ = {isa = PBXFileReference; lastKnownFileType = sourcecode.swift; path = SectionType.swift; sourceTree = "<group>"; };
		F5E9141C2471BE77007CF322 /* CellType.swift */ = {isa = PBXFileReference; lastKnownFileType = sourcecode.swift; path = CellType.swift; sourceTree = "<group>"; };
		F5ECF7B7244B301E009A55ED /* Health Assistant.app */ = {isa = PBXFileReference; explicitFileType = wrapper.application; includeInIndex = 0; path = "Health Assistant.app"; sourceTree = BUILT_PRODUCTS_DIR; };
		F5ECF7BA244B301E009A55ED /* AppDelegate.swift */ = {isa = PBXFileReference; lastKnownFileType = sourcecode.swift; path = AppDelegate.swift; sourceTree = "<group>"; };
		F5ECF7BC244B301E009A55ED /* SceneDelegate.swift */ = {isa = PBXFileReference; lastKnownFileType = sourcecode.swift; path = SceneDelegate.swift; sourceTree = "<group>"; };
		F5ECF7C3244B301E009A55ED /* Base */ = {isa = PBXFileReference; lastKnownFileType = file.storyboard; name = Base; path = Base.lproj/Main.storyboard; sourceTree = "<group>"; };
		F5ECF7C5244B3021009A55ED /* Assets.xcassets */ = {isa = PBXFileReference; lastKnownFileType = folder.assetcatalog; path = Assets.xcassets; sourceTree = "<group>"; };
		F5ECF7C8244B3021009A55ED /* Base */ = {isa = PBXFileReference; lastKnownFileType = file.storyboard; name = Base; path = Base.lproj/LaunchScreen.storyboard; sourceTree = "<group>"; };
		F5ECF7CA244B3021009A55ED /* Info.plist */ = {isa = PBXFileReference; lastKnownFileType = text.plist.xml; path = Info.plist; sourceTree = "<group>"; };
		F5ECF7D0244B32CB009A55ED /* DoctorsTableViewController.swift */ = {isa = PBXFileReference; lastKnownFileType = sourcecode.swift; path = DoctorsTableViewController.swift; sourceTree = "<group>"; };
		F5ECF7D2244B3FAB009A55ED /* EventTableViewController.swift */ = {isa = PBXFileReference; lastKnownFileType = sourcecode.swift; path = EventTableViewController.swift; sourceTree = "<group>"; };
		F5EDDB31247338950085B352 /* ListPresenter.swift */ = {isa = PBXFileReference; lastKnownFileType = sourcecode.swift; path = ListPresenter.swift; sourceTree = "<group>"; };
		F5F8168B24C4DBFE008D3093 /* MapViewController.swift */ = {isa = PBXFileReference; lastKnownFileType = sourcecode.swift; path = MapViewController.swift; sourceTree = "<group>"; };
		F5FDC097246DC316006484D4 /* TextFieldTableViewCell.swift */ = {isa = PBXFileReference; lastKnownFileType = sourcecode.swift; path = TextFieldTableViewCell.swift; sourceTree = "<group>"; };
		F5FDC098246DC316006484D4 /* TextFieldTableViewCell.xib */ = {isa = PBXFileReference; lastKnownFileType = file.xib; path = TextFieldTableViewCell.xib; sourceTree = "<group>"; };
		F5FDC09B246DC32D006484D4 /* DateTableViewCell.swift */ = {isa = PBXFileReference; lastKnownFileType = sourcecode.swift; path = DateTableViewCell.swift; sourceTree = "<group>"; };
		F5FDC09C246DC32D006484D4 /* DateTableViewCell.xib */ = {isa = PBXFileReference; lastKnownFileType = file.xib; path = DateTableViewCell.xib; sourceTree = "<group>"; };
		F5FDC09F246DC34B006484D4 /* ListTableViewCell.swift */ = {isa = PBXFileReference; lastKnownFileType = sourcecode.swift; path = ListTableViewCell.swift; sourceTree = "<group>"; };
		F5FDC0A0246DC34B006484D4 /* ListTableViewCell.xib */ = {isa = PBXFileReference; lastKnownFileType = file.xib; path = ListTableViewCell.xib; sourceTree = "<group>"; };
		F5FDC0A5246DE201006484D4 /* ListTableViewController.swift */ = {isa = PBXFileReference; lastKnownFileType = sourcecode.swift; path = ListTableViewController.swift; sourceTree = "<group>"; };
/* End PBXFileReference section */

/* Begin PBXFrameworksBuildPhase section */
		F5ECF7B4244B301E009A55ED /* Frameworks */ = {
			isa = PBXFrameworksBuildPhase;
			buildActionMask = 2147483647;
			files = (
				58A7B0E012AEB96E435E12FC /* Pods_Health_Assistant.framework in Frameworks */,
			);
			runOnlyForDeploymentPostprocessing = 0;
		};
/* End PBXFrameworksBuildPhase section */

/* Begin PBXGroup section */
		074AF07CEF17F8C363A70B76 /* Pods */ = {
			isa = PBXGroup;
			children = (
				BB399A6F58EC3715282AB0E5 /* Pods-Health Assistant.debug.xcconfig */,
				CEBE82928C4FF73987C4101E /* Pods-Health Assistant.release.xcconfig */,
			);
			path = Pods;
			sourceTree = "<group>";
		};
		D5812492D5080ABCDA7F830C /* Frameworks */ = {
			isa = PBXGroup;
			children = (
				01D3E48ECE5D6E7D63C343EE /* Pods_Health_Assistant.framework */,
			);
			name = Frameworks;
			sourceTree = "<group>";
		};
		F509343F246C74EE00E33163 /* ViewController */ = {
			isa = PBXGroup;
			children = (
				F5ECF7D0244B32CB009A55ED /* DoctorsTableViewController.swift */,
				F563349E2465FD6700D7C68A /* DoctorViewControllerInput.swift */,
			);
			path = ViewController;
			sourceTree = "<group>";
		};
		F5093440246C751E00E33163 /* Presenter */ = {
			isa = PBXGroup;
			children = (
				F5021CC724648E6900E5DD08 /* DoctorsPresenter.swift */,
				F563349C2465FD3900D7C68A /* DoctorsViewControllerOutput.swift */,
			);
			path = Presenter;
			sourceTree = "<group>";
		};
		F5093441246C970C00E33163 /* ViewController */ = {
			isa = PBXGroup;
			children = (
				F5ECF7D2244B3FAB009A55ED /* EventTableViewController.swift */,
				F57A000F24ABE81400AE227A /* EventTableInput.swift */,
				F54F493F24B8D86F009FC68C /* AddEventDelegate.swift */,
			);
			path = ViewController;
			sourceTree = "<group>";
		};
		F5093442246C971700E33163 /* Presenter */ = {
			isa = PBXGroup;
			children = (
				F56334A02465FDF700D7C68A /* EventPresenter.swift */,
			);
			path = Presenter;
			sourceTree = "<group>";
		};
		F532764124BEF4A8005E330F /* CalendarModule */ = {
			isa = PBXGroup;
			children = (
				F5CECDCF24C079A700DEF3A5 /* ViewController */,
				F5CECDD224C079C900DEF3A5 /* Presenter */,
			);
			path = CalendarModule;
			sourceTree = "<group>";
		};
		F558DDE82486D7D6006004F9 /* Cell */ = {
			isa = PBXGroup;
			children = (
				F5C99E7B246354D900191585 /* EventTableViewCell.swift */,
			);
			path = Cell;
			sourceTree = "<group>";
		};
		F55DEF902471A300003052C0 /* TextFieldCell */ = {
			isa = PBXGroup;
			children = (
				F5FDC097246DC316006484D4 /* TextFieldTableViewCell.swift */,
				F5FDC098246DC316006484D4 /* TextFieldTableViewCell.xib */,
			);
			path = TextFieldCell;
			sourceTree = "<group>";
		};
		F55DEF912471A315003052C0 /* DateCell */ = {
			isa = PBXGroup;
			children = (
				F5FDC09B246DC32D006484D4 /* DateTableViewCell.swift */,
				F5FDC09C246DC32D006484D4 /* DateTableViewCell.xib */,
			);
			path = DateCell;
			sourceTree = "<group>";
		};
		F55DEF922471A31C003052C0 /* ListCell */ = {
			isa = PBXGroup;
			children = (
				F5FDC09F246DC34B006484D4 /* ListTableViewCell.swift */,
				F5FDC0A0246DC34B006484D4 /* ListTableViewCell.xib */,
			);
			path = ListCell;
			sourceTree = "<group>";
		};
		F55DEF932471A327003052C0 /* TextViewCell */ = {
			isa = PBXGroup;
			children = (
				F55DEF8C2470565F003052C0 /* TextViewCell.swift */,
				F55DEF8D2470565F003052C0 /* TextViewCell.xib */,
			);
			path = TextViewCell;
			sourceTree = "<group>";
		};
		F55DEF942471A393003052C0 /* ListTableModule */ = {
			isa = PBXGroup;
			children = (
				F5EDDB33247338D20085B352 /* ViewController */,
				F5EDDB34247338D90085B352 /* Presenter */,
			);
			path = ListTableModule;
			sourceTree = "<group>";
		};
		F56334922465EFE300D7C68A /* EventModule */ = {
			isa = PBXGroup;
			children = (
				F5093441246C970C00E33163 /* ViewController */,
				F5093442246C971700E33163 /* Presenter */,
				F558DDE82486D7D6006004F9 /* Cell */,
			);
			path = EventModule;
			sourceTree = "<group>";
		};
		F56334932465F07E00D7C68A /* DoctorsModule */ = {
			isa = PBXGroup;
			children = (
				F509343F246C74EE00E33163 /* ViewController */,
				F5093440246C751E00E33163 /* Presenter */,
			);
			path = DoctorsModule;
			sourceTree = "<group>";
		};
		F563349B2465F38300D7C68A /* Model */ = {
			isa = PBXGroup;
			children = (
				F56334962465F1C900D7C68A /* EventStatus.swift */,
				F56334982465F2B100D7C68A /* LocationExtension.swift */,
				F5C1D6F724AE2D0B00C32614 /* DataModel.xcdatamodeld */,
				F52A647224B4F4BB0047D028 /* EventDataTransferObject.swift */,
				F58DE61624B7B80C0082F901 /* DateExtension.swift */,
				F58DE61824B7B8200082F901 /* NSObjectExtension.swift */,
				F5BBCFB524C88A1B00FFE949 /* StringExtension.swift */,
			);
			path = Model;
			sourceTree = "<group>";
		};
		F57A001524AE13BD00AE227A /* Services */ = {
			isa = PBXGroup;
			children = (
				F5C1D6FA24AE77F800C32614 /* StorageService.swift */,
				F5BBCFB124C886BC00FFE949 /* NetworkService.swift */,
				F5BBCFB324C8877000FFE949 /* Clinic.swift */,
				F58DF6B424C8A3F800802636 /* ClinicData.swift */,
			);
			path = Services;
			sourceTree = "<group>";
		};
		F5833762246CADCA000E7569 /* Cells */ = {
			isa = PBXGroup;
			children = (
				F55DEF902471A300003052C0 /* TextFieldCell */,
				F55DEF912471A315003052C0 /* DateCell */,
				F55DEF922471A31C003052C0 /* ListCell */,
				F55DEF932471A327003052C0 /* TextViewCell */,
			);
			path = Cells;
			sourceTree = "<group>";
		};
		F5833763246CADEC000E7569 /* BaseFormEventModule */ = {
			isa = PBXGroup;
			children = (
				F5833764246CAE25000E7569 /* ViewController */,
				F5E914192471BCFE007CF322 /* Presenter */,
				F55DEF942471A393003052C0 /* ListTableModule */,
			);
			path = BaseFormEventModule;
			sourceTree = "<group>";
		};
		F5833764246CAE25000E7569 /* ViewController */ = {
			isa = PBXGroup;
			children = (
				F5093443246C977600E33163 /* BaseEventViewController.swift */,
				F55DEF8A24705382003052C0 /* BaseEventDelegate.swift */,
				F5C1D6FE24AE7B4500C32614 /* BaseEventInput.swift */,
				F5833762246CADCA000E7569 /* Cells */,
			);
			path = ViewController;
			sourceTree = "<group>";
		};
		F5A653FD2496BC3F00E65F2E /* EventDetailsModule */ = {
			isa = PBXGroup;
			children = (
				F5C706B424A2B00700735597 /* ViewController */,
				F5C706B324A2AFFE00735597 /* Presenter */,
			);
			path = EventDetailsModule;
			sourceTree = "<group>";
		};
		F5C706B324A2AFFE00735597 /* Presenter */ = {
			isa = PBXGroup;
			children = (
				F5C706B524A2B03C00735597 /* EventDetailsPresenter.swift */,
			);
			path = Presenter;
			sourceTree = "<group>";
		};
		F5C706B424A2B00700735597 /* ViewController */ = {
			isa = PBXGroup;
			children = (
				F5A653FB249531DD00E65F2E /* EventDetailsViewController.swift */,
				F58DE61424B62B960082F901 /* EventDetailsViewDelegate.swift */,
				F5261FD924A2BBAE00A85F49 /* EventDetailsViewInput.swift */,
			);
			path = ViewController;
			sourceTree = "<group>";
		};
		F5CECDCF24C079A700DEF3A5 /* ViewController */ = {
			isa = PBXGroup;
			children = (
				F532763F24BEF4A1005E330F /* CalendarViewController.swift */,
				F5CECDCD24BF941600DEF3A5 /* CalendarEventTableViewCell.swift */,
				F5CECDD324C079F300DEF3A5 /* CalendarInput.swift */,
			);
			path = ViewController;
			sourceTree = "<group>";
		};
		F5CECDD224C079C900DEF3A5 /* Presenter */ = {
			isa = PBXGroup;
			children = (
				F5CECDD024C079C100DEF3A5 /* CalendarPresenter.swift */,
			);
			path = Presenter;
			sourceTree = "<group>";
		};
		F5E914192471BCFE007CF322 /* Presenter */ = {
			isa = PBXGroup;
			children = (
				F5E914172471BCF8007CF322 /* BaseEventPresenter.swift */,
				F5046448249E29E70067F8D9 /* AddEventPresenter.swift */,
				F54437A82498151B00FB354E /* EditEventPresenter.swift */,
				F5E9141A2471BE69007CF322 /* SectionType.swift */,
				F5E9141C2471BE77007CF322 /* CellType.swift */,
			);
			path = Presenter;
			sourceTree = "<group>";
		};
		F5ECF7AE244B301E009A55ED = {
			isa = PBXGroup;
			children = (
				F5ECF7B9244B301E009A55ED /* Health Assistant */,
				F5ECF7B8244B301E009A55ED /* Products */,
				074AF07CEF17F8C363A70B76 /* Pods */,
				D5812492D5080ABCDA7F830C /* Frameworks */,
			);
			sourceTree = "<group>";
		};
		F5ECF7B8244B301E009A55ED /* Products */ = {
			isa = PBXGroup;
			children = (
				F5ECF7B7244B301E009A55ED /* Health Assistant.app */,
			);
			name = Products;
			sourceTree = "<group>";
		};
		F5ECF7B9244B301E009A55ED /* Health Assistant */ = {
			isa = PBXGroup;
			children = (
				F5ECF7BA244B301E009A55ED /* AppDelegate.swift */,
				F5ECF7BC244B301E009A55ED /* SceneDelegate.swift */,
				F563349B2465F38300D7C68A /* Model */,
				F57A001524AE13BD00AE227A /* Services */,
				F5F8168A24C1BE94008D3093 /* Calendar Tab */,
				F5F8168924C1BE82008D3093 /* Doctor Tab */,
				F5F8168D24C4DC08008D3093 /* Map Tab */,
				F5ECF7C2244B301E009A55ED /* Main.storyboard */,
				F5ECF7C5244B3021009A55ED /* Assets.xcassets */,
				F5ECF7C7244B3021009A55ED /* LaunchScreen.storyboard */,
				F5ECF7CA244B3021009A55ED /* Info.plist */,
			);
			path = "Health Assistant";
			sourceTree = "<group>";
		};
		F5EDDB33247338D20085B352 /* ViewController */ = {
			isa = PBXGroup;
			children = (
				F5FDC0A5246DE201006484D4 /* ListTableViewController.swift */,
				F57A000D24AB588800AE227A /* ListTableInput.swift */,
				F57A000B24AB582600AE227A /* ListTableViewControllerElement.swift */,
			);
			path = ViewController;
			sourceTree = "<group>";
		};
		F5EDDB34247338D90085B352 /* Presenter */ = {
			isa = PBXGroup;
			children = (
				F5EDDB31247338950085B352 /* ListPresenter.swift */,
			);
			path = Presenter;
			sourceTree = "<group>";
		};
		F5F8168924C1BE82008D3093 /* Doctor Tab */ = {
			isa = PBXGroup;
			children = (
				F56334932465F07E00D7C68A /* DoctorsModule */,
				F56334922465EFE300D7C68A /* EventModule */,
				F5833763246CADEC000E7569 /* BaseFormEventModule */,
				F5A653FD2496BC3F00E65F2E /* EventDetailsModule */,
			);
			path = "Doctor Tab";
			sourceTree = "<group>";
		};
		F5F8168A24C1BE94008D3093 /* Calendar Tab */ = {
			isa = PBXGroup;
			children = (
				F532764124BEF4A8005E330F /* CalendarModule */,
			);
			path = "Calendar Tab";
			sourceTree = "<group>";
		};
		F5F8168D24C4DC08008D3093 /* Map Tab */ = {
			isa = PBXGroup;
			children = (
				F5F8168B24C4DBFE008D3093 /* MapViewController.swift */,
				F5BBCFB724C88A8D00FFE949 /* MapDelegate.swift */,
			);
			path = "Map Tab";
			sourceTree = "<group>";
		};
/* End PBXGroup section */

/* Begin PBXNativeTarget section */
		F5ECF7B6244B301E009A55ED /* Health Assistant */ = {
			isa = PBXNativeTarget;
			buildConfigurationList = F5ECF7CD244B3021009A55ED /* Build configuration list for PBXNativeTarget "Health Assistant" */;
			buildPhases = (
				D283AC493B3B34498809C6AE /* [CP] Check Pods Manifest.lock */,
				F5ECF7B3244B301E009A55ED /* Sources */,
				F5ECF7B4244B301E009A55ED /* Frameworks */,
				F5ECF7B5244B301E009A55ED /* Resources */,
				D8B34272B491B976F55B3AB4 /* [CP] Embed Pods Frameworks */,
			);
			buildRules = (
			);
			dependencies = (
			);
			name = "Health Assistant";
			productName = "Health Assistant";
			productReference = F5ECF7B7244B301E009A55ED /* Health Assistant.app */;
			productType = "com.apple.product-type.application";
		};
/* End PBXNativeTarget section */

/* Begin PBXProject section */
		F5ECF7AF244B301E009A55ED /* Project object */ = {
			isa = PBXProject;
			attributes = {
				LastSwiftUpdateCheck = 1130;
				LastUpgradeCheck = 1130;
				ORGANIZATIONNAME = "Viktoriia Saklakova";
				TargetAttributes = {
					F5ECF7B6244B301E009A55ED = {
						CreatedOnToolsVersion = 11.3;
					};
				};
			};
			buildConfigurationList = F5ECF7B2244B301E009A55ED /* Build configuration list for PBXProject "Health Assistant" */;
			compatibilityVersion = "Xcode 9.3";
			developmentRegion = en;
			hasScannedForEncodings = 0;
			knownRegions = (
				en,
				Base,
			);
			mainGroup = F5ECF7AE244B301E009A55ED;
			productRefGroup = F5ECF7B8244B301E009A55ED /* Products */;
			projectDirPath = "";
			projectRoot = "";
			targets = (
				F5ECF7B6244B301E009A55ED /* Health Assistant */,
			);
		};
/* End PBXProject section */

/* Begin PBXResourcesBuildPhase section */
		F5ECF7B5244B301E009A55ED /* Resources */ = {
			isa = PBXResourcesBuildPhase;
			buildActionMask = 2147483647;
			files = (
				F5FDC09E246DC32D006484D4 /* DateTableViewCell.xib in Resources */,
				F55DEF8F2470565F003052C0 /* TextViewCell.xib in Resources */,
				F5FDC0A2246DC34B006484D4 /* ListTableViewCell.xib in Resources */,
				F5ECF7C9244B3021009A55ED /* LaunchScreen.storyboard in Resources */,
				F5ECF7C6244B3021009A55ED /* Assets.xcassets in Resources */,
				F5ECF7C4244B301E009A55ED /* Main.storyboard in Resources */,
				F5FDC09A246DC316006484D4 /* TextFieldTableViewCell.xib in Resources */,
			);
			runOnlyForDeploymentPostprocessing = 0;
		};
/* End PBXResourcesBuildPhase section */

/* Begin PBXShellScriptBuildPhase section */
		D283AC493B3B34498809C6AE /* [CP] Check Pods Manifest.lock */ = {
			isa = PBXShellScriptBuildPhase;
			buildActionMask = 2147483647;
			files = (
			);
			inputFileListPaths = (
			);
			inputPaths = (
				"${PODS_PODFILE_DIR_PATH}/Podfile.lock",
				"${PODS_ROOT}/Manifest.lock",
			);
			name = "[CP] Check Pods Manifest.lock";
			outputFileListPaths = (
			);
			outputPaths = (
				"$(DERIVED_FILE_DIR)/Pods-Health Assistant-checkManifestLockResult.txt",
			);
			runOnlyForDeploymentPostprocessing = 0;
			shellPath = /bin/sh;
			shellScript = "diff \"${PODS_PODFILE_DIR_PATH}/Podfile.lock\" \"${PODS_ROOT}/Manifest.lock\" > /dev/null\nif [ $? != 0 ] ; then\n    # print error to STDERR\n    echo \"error: The sandbox is not in sync with the Podfile.lock. Run 'pod install' or update your CocoaPods installation.\" >&2\n    exit 1\nfi\n# This output is used by Xcode 'outputs' to avoid re-running this script phase.\necho \"SUCCESS\" > \"${SCRIPT_OUTPUT_FILE_0}\"\n";
			showEnvVarsInLog = 0;
		};
		D8B34272B491B976F55B3AB4 /* [CP] Embed Pods Frameworks */ = {
			isa = PBXShellScriptBuildPhase;
			buildActionMask = 2147483647;
			files = (
			);
			inputFileListPaths = (
				"${PODS_ROOT}/Target Support Files/Pods-Health Assistant/Pods-Health Assistant-frameworks-${CONFIGURATION}-input-files.xcfilelist",
			);
			name = "[CP] Embed Pods Frameworks";
			outputFileListPaths = (
				"${PODS_ROOT}/Target Support Files/Pods-Health Assistant/Pods-Health Assistant-frameworks-${CONFIGURATION}-output-files.xcfilelist",
			);
			runOnlyForDeploymentPostprocessing = 0;
			shellPath = /bin/sh;
			shellScript = "\"${PODS_ROOT}/Target Support Files/Pods-Health Assistant/Pods-Health Assistant-frameworks.sh\"\n";
			showEnvVarsInLog = 0;
		};
/* End PBXShellScriptBuildPhase section */

/* Begin PBXSourcesBuildPhase section */
		F5ECF7B3244B301E009A55ED /* Sources */ = {
			isa = PBXSourcesBuildPhase;
			buildActionMask = 2147483647;
			files = (
				F5C1D6F924AE2D0B00C32614 /* DataModel.xcdatamodeld in Sources */,
				F5FDC09D246DC32D006484D4 /* DateTableViewCell.swift in Sources */,
				F5C706B624A2B03C00735597 /* EventDetailsPresenter.swift in Sources */,
				F5BBCFB824C88A8D00FFE949 /* MapDelegate.swift in Sources */,
				F5FDC0A1246DC34B006484D4 /* ListTableViewCell.swift in Sources */,
				F56334972465F1C900D7C68A /* EventStatus.swift in Sources */,
				F57A000E24AB588800AE227A /* ListTableInput.swift in Sources */,
				F58DF6B524C8A3F800802636 /* ClinicData.swift in Sources */,
				F55DEF8B24705382003052C0 /* BaseEventDelegate.swift in Sources */,
				F5093444246C977600E33163 /* BaseEventViewController.swift in Sources */,
				F58DE61924B7B8200082F901 /* NSObjectExtension.swift in Sources */,
				F5E9141B2471BE69007CF322 /* SectionType.swift in Sources */,
				F5261FDA24A2BBAE00A85F49 /* EventDetailsViewInput.swift in Sources */,
				F5F8168C24C4DBFE008D3093 /* MapViewController.swift in Sources */,
				F54F494024B8D86F009FC68C /* AddEventDelegate.swift in Sources */,
				F5CECDCE24BF941600DEF3A5 /* CalendarEventTableViewCell.swift in Sources */,
				F5FDC0A7246DE201006484D4 /* ListTableViewController.swift in Sources */,
				F5ECF7BB244B301E009A55ED /* AppDelegate.swift in Sources */,
				F5021CC824648E6900E5DD08 /* DoctorsPresenter.swift in Sources */,
				F5CECDD124C079C100DEF3A5 /* CalendarPresenter.swift in Sources */,
				F58DE61724B7B80C0082F901 /* DateExtension.swift in Sources */,
				F563349F2465FD6700D7C68A /* DoctorViewControllerInput.swift in Sources */,
				F5A653FC249531DD00E65F2E /* EventDetailsViewController.swift in Sources */,
				F5046449249E29E70067F8D9 /* AddEventPresenter.swift in Sources */,
				F5BBCFB224C886BC00FFE949 /* NetworkService.swift in Sources */,
				F5E914182471BCF8007CF322 /* BaseEventPresenter.swift in Sources */,
				F52A647324B4F4BB0047D028 /* EventDataTransferObject.swift in Sources */,
				F532764024BEF4A1005E330F /* CalendarViewController.swift in Sources */,
				F5ECF7D3244B3FAB009A55ED /* EventTableViewController.swift in Sources */,
				F56334A12465FDF700D7C68A /* EventPresenter.swift in Sources */,
				F57A001024ABE81400AE227A /* EventTableInput.swift in Sources */,
				F54437A92498151B00FB354E /* EditEventPresenter.swift in Sources */,
				F5C1D6FF24AE7B4500C32614 /* BaseEventInput.swift in Sources */,
				F5BBCFB424C8877000FFE949 /* Clinic.swift in Sources */,
				F56334992465F2B100D7C68A /* LocationExtension.swift in Sources */,
				F57A000C24AB582600AE227A /* ListTableViewControllerElement.swift in Sources */,
				F5ECF7D1244B32CB009A55ED /* DoctorsTableViewController.swift in Sources */,
				F5FDC099246DC316006484D4 /* TextFieldTableViewCell.swift in Sources */,
				F5C99E7C246354D900191585 /* EventTableViewCell.swift in Sources */,
				F5EDDB32247338950085B352 /* ListPresenter.swift in Sources */,
				F5C1D6FB24AE77F800C32614 /* StorageService.swift in Sources */,
				F58DE61524B62B960082F901 /* EventDetailsViewDelegate.swift in Sources */,
				F5E9141D2471BE77007CF322 /* CellType.swift in Sources */,
				F5CECDD424C079F300DEF3A5 /* CalendarInput.swift in Sources */,
				F563349D2465FD3900D7C68A /* DoctorsViewControllerOutput.swift in Sources */,
				F5ECF7BD244B301E009A55ED /* SceneDelegate.swift in Sources */,
				F5BBCFB624C88A1B00FFE949 /* StringExtension.swift in Sources */,
				F55DEF8E2470565F003052C0 /* TextViewCell.swift in Sources */,
			);
			runOnlyForDeploymentPostprocessing = 0;
		};
/* End PBXSourcesBuildPhase section */

/* Begin PBXVariantGroup section */
		F5ECF7C2244B301E009A55ED /* Main.storyboard */ = {
			isa = PBXVariantGroup;
			children = (
				F5ECF7C3244B301E009A55ED /* Base */,
			);
			name = Main.storyboard;
			sourceTree = "<group>";
		};
		F5ECF7C7244B3021009A55ED /* LaunchScreen.storyboard */ = {
			isa = PBXVariantGroup;
			children = (
				F5ECF7C8244B3021009A55ED /* Base */,
			);
			name = LaunchScreen.storyboard;
			sourceTree = "<group>";
		};
/* End PBXVariantGroup section */

/* Begin XCBuildConfiguration section */
		F5ECF7CB244B3021009A55ED /* Debug */ = {
			isa = XCBuildConfiguration;
			buildSettings = {
				ALWAYS_SEARCH_USER_PATHS = NO;
				CLANG_ANALYZER_NONNULL = YES;
				CLANG_ANALYZER_NUMBER_OBJECT_CONVERSION = YES_AGGRESSIVE;
				CLANG_CXX_LANGUAGE_STANDARD = "gnu++14";
				CLANG_CXX_LIBRARY = "libc++";
				CLANG_ENABLE_MODULES = YES;
				CLANG_ENABLE_OBJC_ARC = YES;
				CLANG_ENABLE_OBJC_WEAK = YES;
				CLANG_WARN_BLOCK_CAPTURE_AUTORELEASING = YES;
				CLANG_WARN_BOOL_CONVERSION = YES;
				CLANG_WARN_COMMA = YES;
				CLANG_WARN_CONSTANT_CONVERSION = YES;
				CLANG_WARN_DEPRECATED_OBJC_IMPLEMENTATIONS = YES;
				CLANG_WARN_DIRECT_OBJC_ISA_USAGE = YES_ERROR;
				CLANG_WARN_DOCUMENTATION_COMMENTS = YES;
				CLANG_WARN_EMPTY_BODY = YES;
				CLANG_WARN_ENUM_CONVERSION = YES;
				CLANG_WARN_INFINITE_RECURSION = YES;
				CLANG_WARN_INT_CONVERSION = YES;
				CLANG_WARN_NON_LITERAL_NULL_CONVERSION = YES;
				CLANG_WARN_OBJC_IMPLICIT_RETAIN_SELF = YES;
				CLANG_WARN_OBJC_LITERAL_CONVERSION = YES;
				CLANG_WARN_OBJC_ROOT_CLASS = YES_ERROR;
				CLANG_WARN_RANGE_LOOP_ANALYSIS = YES;
				CLANG_WARN_STRICT_PROTOTYPES = YES;
				CLANG_WARN_SUSPICIOUS_MOVE = YES;
				CLANG_WARN_UNGUARDED_AVAILABILITY = YES_AGGRESSIVE;
				CLANG_WARN_UNREACHABLE_CODE = YES;
				CLANG_WARN__DUPLICATE_METHOD_MATCH = YES;
				COPY_PHASE_STRIP = NO;
				DEBUG_INFORMATION_FORMAT = dwarf;
				ENABLE_STRICT_OBJC_MSGSEND = YES;
				ENABLE_TESTABILITY = YES;
				GCC_C_LANGUAGE_STANDARD = gnu11;
				GCC_DYNAMIC_NO_PIC = NO;
				GCC_NO_COMMON_BLOCKS = YES;
				GCC_OPTIMIZATION_LEVEL = 0;
				GCC_PREPROCESSOR_DEFINITIONS = (
					"DEBUG=1",
					"$(inherited)",
				);
				GCC_WARN_64_TO_32_BIT_CONVERSION = YES;
				GCC_WARN_ABOUT_RETURN_TYPE = YES_ERROR;
				GCC_WARN_UNDECLARED_SELECTOR = YES;
				GCC_WARN_UNINITIALIZED_AUTOS = YES_AGGRESSIVE;
				GCC_WARN_UNUSED_FUNCTION = YES;
				GCC_WARN_UNUSED_VARIABLE = YES;
				IPHONEOS_DEPLOYMENT_TARGET = 13.2;
				MTL_ENABLE_DEBUG_INFO = INCLUDE_SOURCE;
				MTL_FAST_MATH = YES;
				ONLY_ACTIVE_ARCH = YES;
				SDKROOT = iphoneos;
				SWIFT_ACTIVE_COMPILATION_CONDITIONS = DEBUG;
				SWIFT_OPTIMIZATION_LEVEL = "-Onone";
			};
			name = Debug;
		};
		F5ECF7CC244B3021009A55ED /* Release */ = {
			isa = XCBuildConfiguration;
			buildSettings = {
				ALWAYS_SEARCH_USER_PATHS = NO;
				CLANG_ANALYZER_NONNULL = YES;
				CLANG_ANALYZER_NUMBER_OBJECT_CONVERSION = YES_AGGRESSIVE;
				CLANG_CXX_LANGUAGE_STANDARD = "gnu++14";
				CLANG_CXX_LIBRARY = "libc++";
				CLANG_ENABLE_MODULES = YES;
				CLANG_ENABLE_OBJC_ARC = YES;
				CLANG_ENABLE_OBJC_WEAK = YES;
				CLANG_WARN_BLOCK_CAPTURE_AUTORELEASING = YES;
				CLANG_WARN_BOOL_CONVERSION = YES;
				CLANG_WARN_COMMA = YES;
				CLANG_WARN_CONSTANT_CONVERSION = YES;
				CLANG_WARN_DEPRECATED_OBJC_IMPLEMENTATIONS = YES;
				CLANG_WARN_DIRECT_OBJC_ISA_USAGE = YES_ERROR;
				CLANG_WARN_DOCUMENTATION_COMMENTS = YES;
				CLANG_WARN_EMPTY_BODY = YES;
				CLANG_WARN_ENUM_CONVERSION = YES;
				CLANG_WARN_INFINITE_RECURSION = YES;
				CLANG_WARN_INT_CONVERSION = YES;
				CLANG_WARN_NON_LITERAL_NULL_CONVERSION = YES;
				CLANG_WARN_OBJC_IMPLICIT_RETAIN_SELF = YES;
				CLANG_WARN_OBJC_LITERAL_CONVERSION = YES;
				CLANG_WARN_OBJC_ROOT_CLASS = YES_ERROR;
				CLANG_WARN_RANGE_LOOP_ANALYSIS = YES;
				CLANG_WARN_STRICT_PROTOTYPES = YES;
				CLANG_WARN_SUSPICIOUS_MOVE = YES;
				CLANG_WARN_UNGUARDED_AVAILABILITY = YES_AGGRESSIVE;
				CLANG_WARN_UNREACHABLE_CODE = YES;
				CLANG_WARN__DUPLICATE_METHOD_MATCH = YES;
				COPY_PHASE_STRIP = NO;
				DEBUG_INFORMATION_FORMAT = "dwarf-with-dsym";
				ENABLE_NS_ASSERTIONS = NO;
				ENABLE_STRICT_OBJC_MSGSEND = YES;
				GCC_C_LANGUAGE_STANDARD = gnu11;
				GCC_NO_COMMON_BLOCKS = YES;
				GCC_WARN_64_TO_32_BIT_CONVERSION = YES;
				GCC_WARN_ABOUT_RETURN_TYPE = YES_ERROR;
				GCC_WARN_UNDECLARED_SELECTOR = YES;
				GCC_WARN_UNINITIALIZED_AUTOS = YES_AGGRESSIVE;
				GCC_WARN_UNUSED_FUNCTION = YES;
				GCC_WARN_UNUSED_VARIABLE = YES;
				IPHONEOS_DEPLOYMENT_TARGET = 13.2;
				MTL_ENABLE_DEBUG_INFO = NO;
				MTL_FAST_MATH = YES;
				SDKROOT = iphoneos;
				SWIFT_COMPILATION_MODE = wholemodule;
				SWIFT_OPTIMIZATION_LEVEL = "-O";
				VALIDATE_PRODUCT = YES;
			};
			name = Release;
		};
		F5ECF7CE244B3021009A55ED /* Debug */ = {
			isa = XCBuildConfiguration;
			baseConfigurationReference = BB399A6F58EC3715282AB0E5 /* Pods-Health Assistant.debug.xcconfig */;
			buildSettings = {
				ASSETCATALOG_COMPILER_APPICON_NAME = AppIcon;
				CODE_SIGN_STYLE = Automatic;
				DEVELOPMENT_TEAM = XRLJB55D4K;
				INFOPLIST_FILE = "Health Assistant/Info.plist";
				LD_RUNPATH_SEARCH_PATHS = (
					"$(inherited)",
					"@executable_path/Frameworks",
				);
				PRODUCT_BUNDLE_IDENTIFIER = "com-viktoriia-s.Health-Assistant";
				PRODUCT_NAME = "$(TARGET_NAME)";
				SWIFT_VERSION = 5.0;
				TARGETED_DEVICE_FAMILY = "1,2";
			};
			name = Debug;
		};
		F5ECF7CF244B3021009A55ED /* Release */ = {
			isa = XCBuildConfiguration;
			baseConfigurationReference = CEBE82928C4FF73987C4101E /* Pods-Health Assistant.release.xcconfig */;
			buildSettings = {
				ASSETCATALOG_COMPILER_APPICON_NAME = AppIcon;
				CODE_SIGN_STYLE = Automatic;
				DEVELOPMENT_TEAM = XRLJB55D4K;
				INFOPLIST_FILE = "Health Assistant/Info.plist";
				LD_RUNPATH_SEARCH_PATHS = (
					"$(inherited)",
					"@executable_path/Frameworks",
				);
				PRODUCT_BUNDLE_IDENTIFIER = "com-viktoriia-s.Health-Assistant";
				PRODUCT_NAME = "$(TARGET_NAME)";
				SWIFT_VERSION = 5.0;
				TARGETED_DEVICE_FAMILY = "1,2";
			};
			name = Release;
		};
/* End XCBuildConfiguration section */

/* Begin XCConfigurationList section */
		F5ECF7B2244B301E009A55ED /* Build configuration list for PBXProject "Health Assistant" */ = {
			isa = XCConfigurationList;
			buildConfigurations = (
				F5ECF7CB244B3021009A55ED /* Debug */,
				F5ECF7CC244B3021009A55ED /* Release */,
			);
			defaultConfigurationIsVisible = 0;
			defaultConfigurationName = Release;
		};
		F5ECF7CD244B3021009A55ED /* Build configuration list for PBXNativeTarget "Health Assistant" */ = {
			isa = XCConfigurationList;
			buildConfigurations = (
				F5ECF7CE244B3021009A55ED /* Debug */,
				F5ECF7CF244B3021009A55ED /* Release */,
			);
			defaultConfigurationIsVisible = 0;
			defaultConfigurationName = Release;
		};
/* End XCConfigurationList section */

/* Begin XCVersionGroup section */
		F5C1D6F724AE2D0B00C32614 /* DataModel.xcdatamodeld */ = {
			isa = XCVersionGroup;
			children = (
				F5C1D6F824AE2D0B00C32614 /* DataModel.xcdatamodel */,
			);
			currentVersion = F5C1D6F824AE2D0B00C32614 /* DataModel.xcdatamodel */;
			path = DataModel.xcdatamodeld;
			sourceTree = "<group>";
			versionGroupType = wrapper.xcdatamodel;
		};
/* End XCVersionGroup section */
	};
	rootObject = F5ECF7AF244B301E009A55ED /* Project object */;
}
